
Microsoft Visual Studio Solution File, Format Version 12.00
# Visual Studio Version 16
VisualStudioVersion = 16.0.30413.136
MinimumVisualStudioVersion = 10.0.40219.1
Project("{888888A0-9F3D-457C-B088-3A5042F75D52}") = "Atelier2", "Atelier2.pyproj", "{2FDE4B79-F9FC-42AD-A6B1-43E20B91BC02}"
EndProject
Global
	GlobalSection(SolutionConfigurationPlatforms) = preSolution
		Debug|Any CPU = Debug|Any CPU
		Release|Any CPU = Release|Any CPU
	EndGlobalSection
	GlobalSection(ProjectConfigurationPlatforms) = postSolution
		{2FDE4B79-F9FC-42AD-A6B1-43E20B91BC02}.Debug|Any CPU.ActiveCfg = Debug|Any CPU
		{2FDE4B79-F9FC-42AD-A6B1-43E20B91BC02}.Release|Any CPU.ActiveCfg = Release|Any CPU
	EndGlobalSection
	GlobalSection(SolutionProperties) = preSolution
		HideSolutionNode = FALSE
	EndGlobalSection
	GlobalSection(ExtensibilityGlobals) = postSolution
		SolutionGuid = {DC2859D4-8423-400A-BCD3-782B5E84C064}
	EndGlobalSection
EndGlobal
